// !$*UTF8*$!
{
	archiveVersion = 1;
	classes = {
	};
	objectVersion = 56;
	objects = {

/* Begin PBXBuildFile section */
		1C2C3F2F2A6EB80E00C48F60 /* SignUpViewControllerTests.swift in Sources */ = {isa = PBXBuildFile; fileRef = 1C2C3F2B2A6EB80E00C48F60 /* SignUpViewControllerTests.swift */; };
		1C2C3F302A6EB80E00C48F60 /* SignUpPresenterTests.swift in Sources */ = {isa = PBXBuildFile; fileRef = 1C2C3F2C2A6EB80E00C48F60 /* SignUpPresenterTests.swift */; };
		1C2C3F312A6EB80E00C48F60 /* SignUpRouterTests.swift in Sources */ = {isa = PBXBuildFile; fileRef = 1C2C3F2D2A6EB80E00C48F60 /* SignUpRouterTests.swift */; };
		1C2C3F322A6EB80E00C48F60 /* SignUpInteractorTests.swift in Sources */ = {isa = PBXBuildFile; fileRef = 1C2C3F2E2A6EB80E00C48F60 /* SignUpInteractorTests.swift */; };
		1C9007B52A6521140022CF66 /* AppDelegate.swift in Sources */ = {isa = PBXBuildFile; fileRef = 1C9007B42A6521140022CF66 /* AppDelegate.swift */; };
		1C9007B72A6521140022CF66 /* SceneDelegate.swift in Sources */ = {isa = PBXBuildFile; fileRef = 1C9007B62A6521140022CF66 /* SceneDelegate.swift */; };
		1C9007B92A6521140022CF66 /* SignUpViewController.swift in Sources */ = {isa = PBXBuildFile; fileRef = 1C9007B82A6521140022CF66 /* SignUpViewController.swift */; };
		1C9007BC2A6521140022CF66 /* SignUp.storyboard in Resources */ = {isa = PBXBuildFile; fileRef = 1C9007BA2A6521140022CF66 /* SignUp.storyboard */; };
		1C9007BE2A6521150022CF66 /* Assets.xcassets in Resources */ = {isa = PBXBuildFile; fileRef = 1C9007BD2A6521150022CF66 /* Assets.xcassets */; };
		1C9007C12A6521150022CF66 /* LaunchScreen.storyboard in Resources */ = {isa = PBXBuildFile; fileRef = 1C9007BF2A6521150022CF66 /* LaunchScreen.storyboard */; };
		1C9007CB2A65299D0022CF66 /* SignUpInteractor.swift in Sources */ = {isa = PBXBuildFile; fileRef = 1C9007CA2A65299D0022CF66 /* SignUpInteractor.swift */; };
		1C9007CE2A6529AC0022CF66 /* SignUpPresenter.swift in Sources */ = {isa = PBXBuildFile; fileRef = 1C9007CD2A6529AC0022CF66 /* SignUpPresenter.swift */; };
		1C9007D02A6529B80022CF66 /* SignUpRouter.swift in Sources */ = {isa = PBXBuildFile; fileRef = 1C9007CF2A6529B80022CF66 /* SignUpRouter.swift */; };
		1C9007D22A6559DF0022CF66 /* SignUpModels.swift in Sources */ = {isa = PBXBuildFile; fileRef = 1C9007D12A6559DF0022CF66 /* SignUpModels.swift */; };
		1C9007D62A6563280022CF66 /* String+Extensions.swift in Sources */ = {isa = PBXBuildFile; fileRef = 1C9007D52A6563280022CF66 /* String+Extensions.swift */; };
		1C9007DD2A6674F80022CF66 /* Home.storyboard in Resources */ = {isa = PBXBuildFile; fileRef = 1C9007DC2A6674F80022CF66 /* Home.storyboard */; };
		1C9007DF2A6675520022CF66 /* HomeViewController.swift in Sources */ = {isa = PBXBuildFile; fileRef = 1C9007DE2A6675520022CF66 /* HomeViewController.swift */; };
/* End PBXBuildFile section */

/* Begin PBXContainerItemProxy section */
		1C2C3F242A6EB7E800C48F60 /* PBXContainerItemProxy */ = {
			isa = PBXContainerItemProxy;
			containerPortal = 1C9007A92A6521140022CF66 /* Project object */;
			proxyType = 1;
			remoteGlobalIDString = 1C9007B02A6521140022CF66;
			remoteInfo = MobvenUnitTest;
		};
/* End PBXContainerItemProxy section */

/* Begin PBXFileReference section */
		1C1E492B2A6AA8CE0099FB4D /* MobvenUnitTest.xctestplan */ = {isa = PBXFileReference; lastKnownFileType = text; path = MobvenUnitTest.xctestplan; sourceTree = "<group>"; };
		1C2C3F172A6E9F3C00C48F60 /* MobvenUnitTestTests.xctestplan */ = {isa = PBXFileReference; lastKnownFileType = text; path = MobvenUnitTestTests.xctestplan; sourceTree = "<group>"; };
		1C2C3F202A6EB7E800C48F60 /* MobvenUnitTestTests.xctest */ = {isa = PBXFileReference; explicitFileType = wrapper.cfbundle; includeInIndex = 0; path = MobvenUnitTestTests.xctest; sourceTree = BUILT_PRODUCTS_DIR; };
		1C2C3F2B2A6EB80E00C48F60 /* SignUpViewControllerTests.swift */ = {isa = PBXFileReference; fileEncoding = 4; lastKnownFileType = sourcecode.swift; path = SignUpViewControllerTests.swift; sourceTree = "<group>"; };
		1C2C3F2C2A6EB80E00C48F60 /* SignUpPresenterTests.swift */ = {isa = PBXFileReference; fileEncoding = 4; lastKnownFileType = sourcecode.swift; path = SignUpPresenterTests.swift; sourceTree = "<group>"; };
		1C2C3F2D2A6EB80E00C48F60 /* SignUpRouterTests.swift */ = {isa = PBXFileReference; fileEncoding = 4; lastKnownFileType = sourcecode.swift; path = SignUpRouterTests.swift; sourceTree = "<group>"; };
		1C2C3F2E2A6EB80E00C48F60 /* SignUpInteractorTests.swift */ = {isa = PBXFileReference; fileEncoding = 4; lastKnownFileType = sourcecode.swift; path = SignUpInteractorTests.swift; sourceTree = "<group>"; };
		1C9007B12A6521140022CF66 /* MobvenUnitTest.app */ = {isa = PBXFileReference; explicitFileType = wrapper.application; includeInIndex = 0; path = MobvenUnitTest.app; sourceTree = BUILT_PRODUCTS_DIR; };
		1C9007B42A6521140022CF66 /* AppDelegate.swift */ = {isa = PBXFileReference; lastKnownFileType = sourcecode.swift; path = AppDelegate.swift; sourceTree = "<group>"; };
		1C9007B62A6521140022CF66 /* SceneDelegate.swift */ = {isa = PBXFileReference; lastKnownFileType = sourcecode.swift; path = SceneDelegate.swift; sourceTree = "<group>"; };
		1C9007B82A6521140022CF66 /* SignUpViewController.swift */ = {isa = PBXFileReference; lastKnownFileType = sourcecode.swift; path = SignUpViewController.swift; sourceTree = "<group>"; };
		1C9007BB2A6521140022CF66 /* Base */ = {isa = PBXFileReference; lastKnownFileType = file.storyboard; name = Base; path = Base.lproj/SignUp.storyboard; sourceTree = "<group>"; };
		1C9007BD2A6521150022CF66 /* Assets.xcassets */ = {isa = PBXFileReference; lastKnownFileType = folder.assetcatalog; path = Assets.xcassets; sourceTree = "<group>"; };
		1C9007C02A6521150022CF66 /* Base */ = {isa = PBXFileReference; lastKnownFileType = file.storyboard; name = Base; path = Base.lproj/LaunchScreen.storyboard; sourceTree = "<group>"; };
		1C9007C22A6521150022CF66 /* Info.plist */ = {isa = PBXFileReference; lastKnownFileType = text.plist.xml; path = Info.plist; sourceTree = "<group>"; };
		1C9007CA2A65299D0022CF66 /* SignUpInteractor.swift */ = {isa = PBXFileReference; lastKnownFileType = sourcecode.swift; path = SignUpInteractor.swift; sourceTree = "<group>"; };
		1C9007CD2A6529AC0022CF66 /* SignUpPresenter.swift */ = {isa = PBXFileReference; lastKnownFileType = sourcecode.swift; path = SignUpPresenter.swift; sourceTree = "<group>"; };
		1C9007CF2A6529B80022CF66 /* SignUpRouter.swift */ = {isa = PBXFileReference; lastKnownFileType = sourcecode.swift; path = SignUpRouter.swift; sourceTree = "<group>"; };
		1C9007D12A6559DF0022CF66 /* SignUpModels.swift */ = {isa = PBXFileReference; lastKnownFileType = sourcecode.swift; path = SignUpModels.swift; sourceTree = "<group>"; };
		1C9007D52A6563280022CF66 /* String+Extensions.swift */ = {isa = PBXFileReference; lastKnownFileType = sourcecode.swift; path = "String+Extensions.swift"; sourceTree = "<group>"; };
		1C9007DC2A6674F80022CF66 /* Home.storyboard */ = {isa = PBXFileReference; lastKnownFileType = file.storyboard; path = Home.storyboard; sourceTree = "<group>"; };
		1C9007DE2A6675520022CF66 /* HomeViewController.swift */ = {isa = PBXFileReference; lastKnownFileType = sourcecode.swift; path = HomeViewController.swift; sourceTree = "<group>"; };
/* End PBXFileReference section */

/* Begin PBXFrameworksBuildPhase section */
		1C2C3F1D2A6EB7E800C48F60 /* Frameworks */ = {
			isa = PBXFrameworksBuildPhase;
			buildActionMask = 2147483647;
			files = (
			);
			runOnlyForDeploymentPostprocessing = 0;
		};
		1C9007AE2A6521140022CF66 /* Frameworks */ = {
			isa = PBXFrameworksBuildPhase;
			buildActionMask = 2147483647;
			files = (
			);
			runOnlyForDeploymentPostprocessing = 0;
		};
/* End PBXFrameworksBuildPhase section */

/* Begin PBXGroup section */
		1C2C3F212A6EB7E800C48F60 /* MobvenUnitTestTests */ = {
			isa = PBXGroup;
			children = (
				1C2C3F292A6EB7F700C48F60 /* Scenes */,
			);
			path = MobvenUnitTestTests;
			sourceTree = "<group>";
		};
		1C2C3F292A6EB7F700C48F60 /* Scenes */ = {
			isa = PBXGroup;
			children = (
				1C2C3F2A2A6EB7FE00C48F60 /* SignUp */,
			);
			path = Scenes;
			sourceTree = "<group>";
		};
		1C2C3F2A2A6EB7FE00C48F60 /* SignUp */ = {
			isa = PBXGroup;
			children = (
				1C2C3F2E2A6EB80E00C48F60 /* SignUpInteractorTests.swift */,
				1C2C3F2C2A6EB80E00C48F60 /* SignUpPresenterTests.swift */,
				1C2C3F2D2A6EB80E00C48F60 /* SignUpRouterTests.swift */,
				1C2C3F2B2A6EB80E00C48F60 /* SignUpViewControllerTests.swift */,
			);
			path = SignUp;
			sourceTree = "<group>";
		};
		1C9007A82A6521140022CF66 = {
			isa = PBXGroup;
			children = (
				1C2C3F172A6E9F3C00C48F60 /* MobvenUnitTestTests.xctestplan */,
				1C1E492B2A6AA8CE0099FB4D /* MobvenUnitTest.xctestplan */,
				1C9007B32A6521140022CF66 /* MobvenUnitTest */,
				1C2C3F212A6EB7E800C48F60 /* MobvenUnitTestTests */,
				1C9007B22A6521140022CF66 /* Products */,
			);
			sourceTree = "<group>";
		};
		1C9007B22A6521140022CF66 /* Products */ = {
			isa = PBXGroup;
			children = (
				1C9007B12A6521140022CF66 /* MobvenUnitTest.app */,
				1C2C3F202A6EB7E800C48F60 /* MobvenUnitTestTests.xctest */,
			);
			name = Products;
			sourceTree = "<group>";
		};
		1C9007B32A6521140022CF66 /* MobvenUnitTest */ = {
			isa = PBXGroup;
			children = (
				1C9007D32A6563100022CF66 /* Common */,
				1C9007C82A6528BF0022CF66 /* Scenes */,
				1C9007B42A6521140022CF66 /* AppDelegate.swift */,
				1C9007B62A6521140022CF66 /* SceneDelegate.swift */,
				1C9007BD2A6521150022CF66 /* Assets.xcassets */,
				1C9007BF2A6521150022CF66 /* LaunchScreen.storyboard */,
				1C9007C22A6521150022CF66 /* Info.plist */,
			);
			path = MobvenUnitTest;
			sourceTree = "<group>";
		};
		1C9007C82A6528BF0022CF66 /* Scenes */ = {
			isa = PBXGroup;
			children = (
				1C9007D72A666C2E0022CF66 /* Home */,
				1C9007C92A6528C60022CF66 /* SignUp */,
			);
			path = Scenes;
			sourceTree = "<group>";
		};
		1C9007C92A6528C60022CF66 /* SignUp */ = {
			isa = PBXGroup;
			children = (
				1C9007BA2A6521140022CF66 /* SignUp.storyboard */,
				1C9007B82A6521140022CF66 /* SignUpViewController.swift */,
				1C9007CA2A65299D0022CF66 /* SignUpInteractor.swift */,
				1C9007CD2A6529AC0022CF66 /* SignUpPresenter.swift */,
				1C9007CF2A6529B80022CF66 /* SignUpRouter.swift */,
				1C9007D12A6559DF0022CF66 /* SignUpModels.swift */,
			);
			path = SignUp;
			sourceTree = "<group>";
		};
		1C9007D32A6563100022CF66 /* Common */ = {
			isa = PBXGroup;
			children = (
				1C9007D42A65631C0022CF66 /* Extensions */,
			);
			path = Common;
			sourceTree = "<group>";
		};
		1C9007D42A65631C0022CF66 /* Extensions */ = {
			isa = PBXGroup;
			children = (
				1C9007D52A6563280022CF66 /* String+Extensions.swift */,
			);
			path = Extensions;
			sourceTree = "<group>";
		};
		1C9007D72A666C2E0022CF66 /* Home */ = {
			isa = PBXGroup;
			children = (
				1C9007DC2A6674F80022CF66 /* Home.storyboard */,
				1C9007DE2A6675520022CF66 /* HomeViewController.swift */,
			);
			path = Home;
			sourceTree = "<group>";
		};
/* End PBXGroup section */

/* Begin PBXNativeTarget section */
		1C2C3F1F2A6EB7E800C48F60 /* MobvenUnitTestTests */ = {
			isa = PBXNativeTarget;
			buildConfigurationList = 1C2C3F262A6EB7E800C48F60 /* Build configuration list for PBXNativeTarget "MobvenUnitTestTests" */;
			buildPhases = (
				1C2C3F1C2A6EB7E800C48F60 /* Sources */,
				1C2C3F1D2A6EB7E800C48F60 /* Frameworks */,
				1C2C3F1E2A6EB7E800C48F60 /* Resources */,
			);
			buildRules = (
			);
			dependencies = (
				1C2C3F252A6EB7E800C48F60 /* PBXTargetDependency */,
			);
			name = MobvenUnitTestTests;
			productName = MobvenUnitTestTests;
			productReference = 1C2C3F202A6EB7E800C48F60 /* MobvenUnitTestTests.xctest */;
			productType = "com.apple.product-type.bundle.unit-test";
		};
		1C9007B02A6521140022CF66 /* MobvenUnitTest */ = {
			isa = PBXNativeTarget;
			buildConfigurationList = 1C9007C52A6521150022CF66 /* Build configuration list for PBXNativeTarget "MobvenUnitTest" */;
			buildPhases = (
				1C9007AD2A6521140022CF66 /* Sources */,
				1C9007AE2A6521140022CF66 /* Frameworks */,
				1C9007AF2A6521140022CF66 /* Resources */,
			);
			buildRules = (
			);
			dependencies = (
			);
			name = MobvenUnitTest;
			productName = MobvenUnitTest;
			productReference = 1C9007B12A6521140022CF66 /* MobvenUnitTest.app */;
			productType = "com.apple.product-type.application";
		};
/* End PBXNativeTarget section */

/* Begin PBXProject section */
		1C9007A92A6521140022CF66 /* Project object */ = {
			isa = PBXProject;
			attributes = {
				BuildIndependentTargetsInParallel = 1;
				LastSwiftUpdateCheck = 1430;
				LastUpgradeCheck = 1430;
				TargetAttributes = {
					1C2C3F1F2A6EB7E800C48F60 = {
						CreatedOnToolsVersion = 14.3;
						LastSwiftMigration = 1430;
						TestTargetID = 1C9007B02A6521140022CF66;
					};
					1C9007B02A6521140022CF66 = {
						CreatedOnToolsVersion = 14.3;
					};
				};
			};
			buildConfigurationList = 1C9007AC2A6521140022CF66 /* Build configuration list for PBXProject "MobvenUnitTest" */;
			compatibilityVersion = "Xcode 14.0";
			developmentRegion = en;
			hasScannedForEncodings = 0;
			knownRegions = (
				en,
				Base,
			);
			mainGroup = 1C9007A82A6521140022CF66;
			productRefGroup = 1C9007B22A6521140022CF66 /* Products */;
			projectDirPath = "";
			projectRoot = "";
			targets = (
				1C9007B02A6521140022CF66 /* MobvenUnitTest */,
				1C2C3F1F2A6EB7E800C48F60 /* MobvenUnitTestTests */,
			);
		};
/* End PBXProject section */

/* Begin PBXResourcesBuildPhase section */
		1C2C3F1E2A6EB7E800C48F60 /* Resources */ = {
			isa = PBXResourcesBuildPhase;
			buildActionMask = 2147483647;
			files = (
			);
			runOnlyForDeploymentPostprocessing = 0;
		};
		1C9007AF2A6521140022CF66 /* Resources */ = {
			isa = PBXResourcesBuildPhase;
			buildActionMask = 2147483647;
			files = (
				1C9007C12A6521150022CF66 /* LaunchScreen.storyboard in Resources */,
				1C9007BE2A6521150022CF66 /* Assets.xcassets in Resources */,
				1C9007BC2A6521140022CF66 /* SignUp.storyboard in Resources */,
				1C9007DD2A6674F80022CF66 /* Home.storyboard in Resources */,
			);
			runOnlyForDeploymentPostprocessing = 0;
		};
/* End PBXResourcesBuildPhase section */

/* Begin PBXSourcesBuildPhase section */
		1C2C3F1C2A6EB7E800C48F60 /* Sources */ = {
			isa = PBXSourcesBuildPhase;
			buildActionMask = 2147483647;
			files = (
				1C2C3F302A6EB80E00C48F60 /* SignUpPresenterTests.swift in Sources */,
				1C2C3F2F2A6EB80E00C48F60 /* SignUpViewControllerTests.swift in Sources */,
				1C2C3F322A6EB80E00C48F60 /* SignUpInteractorTests.swift in Sources */,
				1C2C3F312A6EB80E00C48F60 /* SignUpRouterTests.swift in Sources */,
			);
			runOnlyForDeploymentPostprocessing = 0;
		};
		1C9007AD2A6521140022CF66 /* Sources */ = {
			isa = PBXSourcesBuildPhase;
			buildActionMask = 2147483647;
			files = (
				1C9007D02A6529B80022CF66 /* SignUpRouter.swift in Sources */,
				1C9007B92A6521140022CF66 /* SignUpViewController.swift in Sources */,
				1C9007B52A6521140022CF66 /* AppDelegate.swift in Sources */,
				1C9007CB2A65299D0022CF66 /* SignUpInteractor.swift in Sources */,
				1C9007D62A6563280022CF66 /* String+Extensions.swift in Sources */,
				1C9007DF2A6675520022CF66 /* HomeViewController.swift in Sources */,
				1C9007CE2A6529AC0022CF66 /* SignUpPresenter.swift in Sources */,
				1C9007B72A6521140022CF66 /* SceneDelegate.swift in Sources */,
				1C9007D22A6559DF0022CF66 /* SignUpModels.swift in Sources */,
			);
			runOnlyForDeploymentPostprocessing = 0;
		};
/* End PBXSourcesBuildPhase section */

/* Begin PBXTargetDependency section */
		1C2C3F252A6EB7E800C48F60 /* PBXTargetDependency */ = {
			isa = PBXTargetDependency;
			target = 1C9007B02A6521140022CF66 /* MobvenUnitTest */;
			targetProxy = 1C2C3F242A6EB7E800C48F60 /* PBXContainerItemProxy */;
		};
/* End PBXTargetDependency section */

/* Begin PBXVariantGroup section */
		1C9007BA2A6521140022CF66 /* SignUp.storyboard */ = {
			isa = PBXVariantGroup;
			children = (
				1C9007BB2A6521140022CF66 /* Base */,
			);
			name = SignUp.storyboard;
			sourceTree = "<group>";
		};
		1C9007BF2A6521150022CF66 /* LaunchScreen.storyboard */ = {
			isa = PBXVariantGroup;
			children = (
				1C9007C02A6521150022CF66 /* Base */,
			);
			name = LaunchScreen.storyboard;
			sourceTree = "<group>";
		};
/* End PBXVariantGroup section */

/* Begin XCBuildConfiguration section */
		1C2C3F272A6EB7E800C48F60 /* Debug */ = {
			isa = XCBuildConfiguration;
			buildSettings = {
				BUNDLE_LOADER = "$(TEST_HOST)";
				CLANG_ENABLE_MODULES = YES;
				CODE_SIGN_STYLE = Automatic;
				CURRENT_PROJECT_VERSION = 1;
				DEVELOPMENT_TEAM = JH83QN9WZT;
				GENERATE_INFOPLIST_FILE = YES;
				MARKETING_VERSION = 1.0;
				PRODUCT_BUNDLE_IDENTIFIER = com.yamanboztepe.MobvenUnitTestTests;
				PRODUCT_NAME = "$(TARGET_NAME)";
				SWIFT_EMIT_LOC_STRINGS = NO;
				SWIFT_OPTIMIZATION_LEVEL = "-Onone";
				SWIFT_VERSION = 5.0;
				TARGETED_DEVICE_FAMILY = "1,2";
				TEST_HOST = "$(BUILT_PRODUCTS_DIR)/MobvenUnitTest.app/$(BUNDLE_EXECUTABLE_FOLDER_PATH)/MobvenUnitTest";
			};
			name = Debug;
		};
		1C2C3F282A6EB7E800C48F60 /* Release */ = {
			isa = XCBuildConfiguration;
			buildSettings = {
				BUNDLE_LOADER = "$(TEST_HOST)";
				CLANG_ENABLE_MODULES = YES;
				CODE_SIGN_STYLE = Automatic;
				CURRENT_PROJECT_VERSION = 1;
				DEVELOPMENT_TEAM = JH83QN9WZT;
				GENERATE_INFOPLIST_FILE = YES;
				MARKETING_VERSION = 1.0;
				PRODUCT_BUNDLE_IDENTIFIER = com.yamanboztepe.MobvenUnitTestTests;
				PRODUCT_NAME = "$(TARGET_NAME)";
				SWIFT_EMIT_LOC_STRINGS = NO;
				SWIFT_VERSION = 5.0;
				TARGETED_DEVICE_FAMILY = "1,2";
				TEST_HOST = "$(BUILT_PRODUCTS_DIR)/MobvenUnitTest.app/$(BUNDLE_EXECUTABLE_FOLDER_PATH)/MobvenUnitTest";
			};
			name = Release;
		};
		1C9007C32A6521150022CF66 /* Debug */ = {
			isa = XCBuildConfiguration;
			buildSettings = {
				ALWAYS_SEARCH_USER_PATHS = NO;
				CLANG_ANALYZER_NONNULL = YES;
				CLANG_ANALYZER_NUMBER_OBJECT_CONVERSION = YES_AGGRESSIVE;
				CLANG_CXX_LANGUAGE_STANDARD = "gnu++20";
				CLANG_ENABLE_MODULES = YES;
				CLANG_ENABLE_OBJC_ARC = YES;
				CLANG_ENABLE_OBJC_WEAK = YES;
				CLANG_WARN_BLOCK_CAPTURE_AUTORELEASING = YES;
				CLANG_WARN_BOOL_CONVERSION = YES;
				CLANG_WARN_COMMA = YES;
				CLANG_WARN_CONSTANT_CONVERSION = YES;
				CLANG_WARN_DEPRECATED_OBJC_IMPLEMENTATIONS = YES;
				CLANG_WARN_DIRECT_OBJC_ISA_USAGE = YES_ERROR;
				CLANG_WARN_DOCUMENTATION_COMMENTS = YES;
				CLANG_WARN_EMPTY_BODY = YES;
				CLANG_WARN_ENUM_CONVERSION = YES;
				CLANG_WARN_INFINITE_RECURSION = YES;
				CLANG_WARN_INT_CONVERSION = YES;
				CLANG_WARN_NON_LITERAL_NULL_CONVERSION = YES;
				CLANG_WARN_OBJC_IMPLICIT_RETAIN_SELF = YES;
				CLANG_WARN_OBJC_LITERAL_CONVERSION = YES;
				CLANG_WARN_OBJC_ROOT_CLASS = YES_ERROR;
				CLANG_WARN_QUOTED_INCLUDE_IN_FRAMEWORK_HEADER = YES;
				CLANG_WARN_RANGE_LOOP_ANALYSIS = YES;
				CLANG_WARN_STRICT_PROTOTYPES = YES;
				CLANG_WARN_SUSPICIOUS_MOVE = YES;
				CLANG_WARN_UNGUARDED_AVAILABILITY = YES_AGGRESSIVE;
				CLANG_WARN_UNREACHABLE_CODE = YES;
				CLANG_WARN__DUPLICATE_METHOD_MATCH = YES;
				COPY_PHASE_STRIP = NO;
				DEBUG_INFORMATION_FORMAT = dwarf;
				ENABLE_STRICT_OBJC_MSGSEND = YES;
				ENABLE_TESTABILITY = YES;
				GCC_C_LANGUAGE_STANDARD = gnu11;
				GCC_DYNAMIC_NO_PIC = NO;
				GCC_NO_COMMON_BLOCKS = YES;
				GCC_OPTIMIZATION_LEVEL = 0;
				GCC_PREPROCESSOR_DEFINITIONS = (
					"DEBUG=1",
					"$(inherited)",
				);
				GCC_WARN_64_TO_32_BIT_CONVERSION = YES;
				GCC_WARN_ABOUT_RETURN_TYPE = YES_ERROR;
				GCC_WARN_UNDECLARED_SELECTOR = YES;
				GCC_WARN_UNINITIALIZED_AUTOS = YES_AGGRESSIVE;
				GCC_WARN_UNUSED_FUNCTION = YES;
				GCC_WARN_UNUSED_VARIABLE = YES;
				IPHONEOS_DEPLOYMENT_TARGET = 16.4;
				MTL_ENABLE_DEBUG_INFO = INCLUDE_SOURCE;
				MTL_FAST_MATH = YES;
				ONLY_ACTIVE_ARCH = YES;
				SDKROOT = iphoneos;
				SWIFT_ACTIVE_COMPILATION_CONDITIONS = DEBUG;
				SWIFT_OPTIMIZATION_LEVEL = "-Onone";
			};
			name = Debug;
		};
		1C9007C42A6521150022CF66 /* Release */ = {
			isa = XCBuildConfiguration;
			buildSettings = {
				ALWAYS_SEARCH_USER_PATHS = NO;
				CLANG_ANALYZER_NONNULL = YES;
				CLANG_ANALYZER_NUMBER_OBJECT_CONVERSION = YES_AGGRESSIVE;
				CLANG_CXX_LANGUAGE_STANDARD = "gnu++20";
				CLANG_ENABLE_MODULES = YES;
				CLANG_ENABLE_OBJC_ARC = YES;
				CLANG_ENABLE_OBJC_WEAK = YES;
				CLANG_WARN_BLOCK_CAPTURE_AUTORELEASING = YES;
				CLANG_WARN_BOOL_CONVERSION = YES;
				CLANG_WARN_COMMA = YES;
				CLANG_WARN_CONSTANT_CONVERSION = YES;
				CLANG_WARN_DEPRECATED_OBJC_IMPLEMENTATIONS = YES;
				CLANG_WARN_DIRECT_OBJC_ISA_USAGE = YES_ERROR;
				CLANG_WARN_DOCUMENTATION_COMMENTS = YES;
				CLANG_WARN_EMPTY_BODY = YES;
				CLANG_WARN_ENUM_CONVERSION = YES;
				CLANG_WARN_INFINITE_RECURSION = YES;
				CLANG_WARN_INT_CONVERSION = YES;
				CLANG_WARN_NON_LITERAL_NULL_CONVERSION = YES;
				CLANG_WARN_OBJC_IMPLICIT_RETAIN_SELF = YES;
				CLANG_WARN_OBJC_LITERAL_CONVERSION = YES;
				CLANG_WARN_OBJC_ROOT_CLASS = YES_ERROR;
				CLANG_WARN_QUOTED_INCLUDE_IN_FRAMEWORK_HEADER = YES;
				CLANG_WARN_RANGE_LOOP_ANALYSIS = YES;
				CLANG_WARN_STRICT_PROTOTYPES = YES;
				CLANG_WARN_SUSPICIOUS_MOVE = YES;
				CLANG_WARN_UNGUARDED_AVAILABILITY = YES_AGGRESSIVE;
				CLANG_WARN_UNREACHABLE_CODE = YES;
				CLANG_WARN__DUPLICATE_METHOD_MATCH = YES;
				COPY_PHASE_STRIP = NO;
				DEBUG_INFORMATION_FORMAT = "dwarf-with-dsym";
				ENABLE_NS_ASSERTIONS = NO;
				ENABLE_STRICT_OBJC_MSGSEND = YES;
				GCC_C_LANGUAGE_STANDARD = gnu11;
				GCC_NO_COMMON_BLOCKS = YES;
				GCC_WARN_64_TO_32_BIT_CONVERSION = YES;
				GCC_WARN_ABOUT_RETURN_TYPE = YES_ERROR;
				GCC_WARN_UNDECLARED_SELECTOR = YES;
				GCC_WARN_UNINITIALIZED_AUTOS = YES_AGGRESSIVE;
				GCC_WARN_UNUSED_FUNCTION = YES;
				GCC_WARN_UNUSED_VARIABLE = YES;
				IPHONEOS_DEPLOYMENT_TARGET = 16.4;
				MTL_ENABLE_DEBUG_INFO = NO;
				MTL_FAST_MATH = YES;
				SDKROOT = iphoneos;
				SWIFT_COMPILATION_MODE = wholemodule;
				SWIFT_OPTIMIZATION_LEVEL = "-O";
				VALIDATE_PRODUCT = YES;
			};
			name = Release;
		};
		1C9007C62A6521150022CF66 /* Debug */ = {
			isa = XCBuildConfiguration;
			buildSettings = {
				ASSETCATALOG_COMPILER_APPICON_NAME = AppIcon;
				ASSETCATALOG_COMPILER_GLOBAL_ACCENT_COLOR_NAME = AccentColor;
				CODE_SIGN_STYLE = Automatic;
				CURRENT_PROJECT_VERSION = 1;
				DEVELOPMENT_TEAM = JH83QN9WZT;
				GENERATE_INFOPLIST_FILE = YES;
				INFOPLIST_FILE = MobvenUnitTest/Info.plist;
				INFOPLIST_KEY_UIApplicationSupportsIndirectInputEvents = YES;
				INFOPLIST_KEY_UILaunchStoryboardName = LaunchScreen;
				INFOPLIST_KEY_UIMainStoryboardFile = SignUp;
				INFOPLIST_KEY_UISupportedInterfaceOrientations_iPad = "UIInterfaceOrientationPortrait UIInterfaceOrientationPortraitUpsideDown UIInterfaceOrientationLandscapeLeft UIInterfaceOrientationLandscapeRight";
				INFOPLIST_KEY_UISupportedInterfaceOrientations_iPhone = "UIInterfaceOrientationPortrait UIInterfaceOrientationLandscapeLeft UIInterfaceOrientationLandscapeRight";
				LD_RUNPATH_SEARCH_PATHS = (
					"$(inherited)",
					"@executable_path/Frameworks",
				);
				MARKETING_VERSION = 1.0;
				PRODUCT_BUNDLE_IDENTIFIER = com.yamanboztepe.MobvenUnitTest;
				PRODUCT_NAME = "$(TARGET_NAME)";
				SWIFT_EMIT_LOC_STRINGS = YES;
				SWIFT_VERSION = 5.0;
				TARGETED_DEVICE_FAMILY = "1,2";
			};
			name = Debug;
		};
		1C9007C72A6521150022CF66 /* Release */ = {
			isa = XCBuildConfiguration;
			buildSettings = {
				ASSETCATALOG_COMPILER_APPICON_NAME = AppIcon;
				ASSETCATALOG_COMPILER_GLOBAL_ACCENT_COLOR_NAME = AccentColor;
				CODE_SIGN_STYLE = Automatic;
				CURRENT_PROJECT_VERSION = 1;
				DEVELOPMENT_TEAM = JH83QN9WZT;
				GENERATE_INFOPLIST_FILE = YES;
				INFOPLIST_FILE = MobvenUnitTest/Info.plist;
				INFOPLIST_KEY_UIApplicationSupportsIndirectInputEvents = YES;
				INFOPLIST_KEY_UILaunchStoryboardName = LaunchScreen;
				INFOPLIST_KEY_UIMainStoryboardFile = SignUp;
				INFOPLIST_KEY_UISupportedInterfaceOrientations_iPad = "UIInterfaceOrientationPortrait UIInterfaceOrientationPortraitUpsideDown UIInterfaceOrientationLandscapeLeft UIInterfaceOrientationLandscapeRight";
				INFOPLIST_KEY_UISupportedInterfaceOrientations_iPhone = "UIInterfaceOrientationPortrait UIInterfaceOrientationLandscapeLeft UIInterfaceOrientationLandscapeRight";
				LD_RUNPATH_SEARCH_PATHS = (
					"$(inherited)",
					"@executable_path/Frameworks",
				);
				MARKETING_VERSION = 1.0;
				PRODUCT_BUNDLE_IDENTIFIER = com.yamanboztepe.MobvenUnitTest;
				PRODUCT_NAME = "$(TARGET_NAME)";
				SWIFT_EMIT_LOC_STRINGS = YES;
				SWIFT_VERSION = 5.0;
				TARGETED_DEVICE_FAMILY = "1,2";
			};
			name = Release;
		};
/* End XCBuildConfiguration section */

/* Begin XCConfigurationList section */
		1C2C3F262A6EB7E800C48F60 /* Build configuration list for PBXNativeTarget "MobvenUnitTestTests" */ = {
			isa = XCConfigurationList;
			buildConfigurations = (
				1C2C3F272A6EB7E800C48F60 /* Debug */,
				1C2C3F282A6EB7E800C48F60 /* Release */,
			);
			defaultConfigurationIsVisible = 0;
			defaultConfigurationName = Release;
		};
		1C9007AC2A6521140022CF66 /* Build configuration list for PBXProject "MobvenUnitTest" */ = {
			isa = XCConfigurationList;
			buildConfigurations = (
				1C9007C32A6521150022CF66 /* Debug */,
				1C9007C42A6521150022CF66 /* Release */,
			);
			defaultConfigurationIsVisible = 0;
			defaultConfigurationName = Release;
		};
		1C9007C52A6521150022CF66 /* Build configuration list for PBXNativeTarget "MobvenUnitTest" */ = {
			isa = XCConfigurationList;
			buildConfigurations = (
				1C9007C62A6521150022CF66 /* Debug */,
				1C9007C72A6521150022CF66 /* Release */,
			);
			defaultConfigurationIsVisible = 0;
			defaultConfigurationName = Release;
		};
/* End XCConfigurationList section */
	};
	rootObject = 1C9007A92A6521140022CF66 /* Project object */;
}
